
Microsoft Visual Studio Solution File, Format Version 12.00
# Visual Studio Version 17
VisualStudioVersion = 17.7.34031.279
MinimumVisualStudioVersion = 10.0.40219.1
Project("{9A19103F-16F7-4668-BE54-9A1E7A4F7556}") = "AbevBot", "AbevBot.csproj", "{4EA9C2E3-0600-4B1F-A0E7-84E9344EDC62}"
EndProject
Global
	GlobalSection(SolutionConfigurationPlatforms) = preSolution
		Debug|Any CPU = Debug|Any CPU
		Release|Any CPU = Release|Any CPU
	EndGlobalSection
	GlobalSection(ProjectConfigurationPlatforms) = postSolution
		{4EA9C2E3-0600-4B1F-A0E7-84E9344EDC62}.Debug|Any CPU.ActiveCfg = Debug|Any CPU
		{4EA9C2E3-0600-4B1F-A0E7-84E9344EDC62}.Debug|Any CPU.Build.0 = Debug|Any CPU
		{4EA9C2E3-0600-4B1F-A0E7-84E9344EDC62}.Release|Any CPU.ActiveCfg = Release|Any CPU
		{4EA9C2E3-0600-4B1F-A0E7-84E9344EDC62}.Release|Any CPU.Build.0 = Release|Any CPU
	EndGlobalSection
	GlobalSection(SolutionProperties) = preSolution
		HideSolutionNode = FALSE
	EndGlobalSection
	GlobalSection(ExtensibilityGlobals) = postSolution
		SolutionGuid = {C35AF16C-4A07-4212-82B6-104911A6F07F}
	EndGlobalSection
EndGlobal
